
Microsoft Visual Studio Solution File, Format Version 12.00
# Visual Studio Version 17
VisualStudioVersion = 17.3.32929.385
MinimumVisualStudioVersion = 10.0.40219.1
Project("{FAE04EC0-301F-11D3-BF4B-00C04F79EFBC}") = "BookBurrow", "BookBurrow\BookBurrow.csproj", "{ECA8633A-45B0-407B-A7CC-ED028DCDF1AB}"
EndProject
Global
	GlobalSection(SolutionConfigurationPlatforms) = preSolution
		Debug|Any CPU = Debug|Any CPU
		Release|Any CPU = Release|Any CPU
	EndGlobalSection
	GlobalSection(ProjectConfigurationPlatforms) = postSolution
		{ECA8633A-45B0-407B-A7CC-ED028DCDF1AB}.Debug|Any CPU.ActiveCfg = Debug|Any CPU
		{ECA8633A-45B0-407B-A7CC-ED028DCDF1AB}.Debug|Any CPU.Build.0 = Debug|Any CPU
		{ECA8633A-45B0-407B-A7CC-ED028DCDF1AB}.Release|Any CPU.ActiveCfg = Release|Any CPU
		{ECA8633A-45B0-407B-A7CC-ED028DCDF1AB}.Release|Any CPU.Build.0 = Release|Any CPU
	EndGlobalSection
	GlobalSection(SolutionProperties) = preSolution
		HideSolutionNode = FALSE
	EndGlobalSection
	GlobalSection(ExtensibilityGlobals) = postSolution
		SolutionGuid = {D1C1ABDD-5201-4364-AF29-FCDB554F32CB}
	EndGlobalSection
EndGlobal
